
Microsoft Visual Studio Solution File, Format Version 12.00
# Visual Studio Version 16
VisualStudioVersion = 16.0.30114.105
MinimumVisualStudioVersion = 10.0.40219.1
Project("{9A19103F-16F7-4668-BE54-9A1E7A4F7556}") = "DL", "DL\DL.csproj", "{D73BC429-244E-42E9-9CE4-9938068D41E0}"
EndProject
Project("{9A19103F-16F7-4668-BE54-9A1E7A4F7556}") = "Models", "Models\Models.csproj", "{92F416D3-ADE6-4601-8226-1044B9800EE2}"
EndProject
Project("{9A19103F-16F7-4668-BE54-9A1E7A4F7556}") = "StoreBL", "StoreBL\StoreBL.csproj", "{CFB177E9-B936-421F-B352-B014CA46937F}"
EndProject
Project("{9A19103F-16F7-4668-BE54-9A1E7A4F7556}") = "Tests", "Tests\Tests.csproj", "{8BDB1D00-833F-4C9F-91DD-AAE851876438}"
EndProject
Project("{FAE04EC0-301F-11D3-BF4B-00C04F79EFBC}") = "WebUI", "WebUI\WebUI.csproj", "{F5050455-CDFF-4C17-AE2E-2B795219D937}"
EndProject
Global
	GlobalSection(SolutionConfigurationPlatforms) = preSolution
		Debug|Any CPU = Debug|Any CPU
		Debug|x64 = Debug|x64
		Debug|x86 = Debug|x86
		Release|Any CPU = Release|Any CPU
		Release|x64 = Release|x64
		Release|x86 = Release|x86
	EndGlobalSection
	GlobalSection(ProjectConfigurationPlatforms) = postSolution
		{D73BC429-244E-42E9-9CE4-9938068D41E0}.Debug|Any CPU.ActiveCfg = Debug|Any CPU
		{D73BC429-244E-42E9-9CE4-9938068D41E0}.Debug|Any CPU.Build.0 = Debug|Any CPU
		{D73BC429-244E-42E9-9CE4-9938068D41E0}.Debug|x64.ActiveCfg = Debug|Any CPU
		{D73BC429-244E-42E9-9CE4-9938068D41E0}.Debug|x64.Build.0 = Debug|Any CPU
		{D73BC429-244E-42E9-9CE4-9938068D41E0}.Debug|x86.ActiveCfg = Debug|Any CPU
		{D73BC429-244E-42E9-9CE4-9938068D41E0}.Debug|x86.Build.0 = Debug|Any CPU
		{D73BC429-244E-42E9-9CE4-9938068D41E0}.Release|Any CPU.ActiveCfg = Release|Any CPU
		{D73BC429-244E-42E9-9CE4-9938068D41E0}.Release|Any CPU.Build.0 = Release|Any CPU
		{D73BC429-244E-42E9-9CE4-9938068D41E0}.Release|x64.ActiveCfg = Release|Any CPU
		{D73BC429-244E-42E9-9CE4-9938068D41E0}.Release|x64.Build.0 = Release|Any CPU
		{D73BC429-244E-42E9-9CE4-9938068D41E0}.Release|x86.ActiveCfg = Release|Any CPU
		{D73BC429-244E-42E9-9CE4-9938068D41E0}.Release|x86.Build.0 = Release|Any CPU
		{92F416D3-ADE6-4601-8226-1044B9800EE2}.Debug|Any CPU.ActiveCfg = Debug|Any CPU
		{92F416D3-ADE6-4601-8226-1044B9800EE2}.Debug|Any CPU.Build.0 = Debug|Any CPU
		{92F416D3-ADE6-4601-8226-1044B9800EE2}.Debug|x64.ActiveCfg = Debug|Any CPU
		{92F416D3-ADE6-4601-8226-1044B9800EE2}.Debug|x64.Build.0 = Debug|Any CPU
		{92F416D3-ADE6-4601-8226-1044B9800EE2}.Debug|x86.ActiveCfg = Debug|Any CPU
		{92F416D3-ADE6-4601-8226-1044B9800EE2}.Debug|x86.Build.0 = Debug|Any CPU
		{92F416D3-ADE6-4601-8226-1044B9800EE2}.Release|Any CPU.ActiveCfg = Release|Any CPU
		{92F416D3-ADE6-4601-8226-1044B9800EE2}.Release|Any CPU.Build.0 = Release|Any CPU
		{92F416D3-ADE6-4601-8226-1044B9800EE2}.Release|x64.ActiveCfg = Release|Any CPU
		{92F416D3-ADE6-4601-8226-1044B9800EE2}.Release|x64.Build.0 = Release|Any CPU
		{92F416D3-ADE6-4601-8226-1044B9800EE2}.Release|x86.ActiveCfg = Release|Any CPU
		{92F416D3-ADE6-4601-8226-1044B9800EE2}.Release|x86.Build.0 = Release|Any CPU
		{CFB177E9-B936-421F-B352-B014CA46937F}.Debug|Any CPU.ActiveCfg = Debug|Any CPU
		{CFB177E9-B936-421F-B352-B014CA46937F}.Debug|Any CPU.Build.0 = Debug|Any CPU
		{CFB177E9-B936-421F-B352-B014CA46937F}.Debug|x64.ActiveCfg = Debug|Any CPU
		{CFB177E9-B936-421F-B352-B014CA46937F}.Debug|x64.Build.0 = Debug|Any CPU
		{CFB177E9-B936-421F-B352-B014CA46937F}.Debug|x86.ActiveCfg = Debug|Any CPU
		{CFB177E9-B936-421F-B352-B014CA46937F}.Debug|x86.Build.0 = Debug|Any CPU
		{CFB177E9-B936-421F-B352-B014CA46937F}.Release|Any CPU.ActiveCfg = Release|Any CPU
		{CFB177E9-B936-421F-B352-B014CA46937F}.Release|Any CPU.Build.0 = Release|Any CPU
		{CFB177E9-B936-421F-B352-B014CA46937F}.Release|x64.ActiveCfg = Release|Any CPU
		{CFB177E9-B936-421F-B352-B014CA46937F}.Release|x64.Build.0 = Release|Any CPU
		{CFB177E9-B936-421F-B352-B014CA46937F}.Release|x86.ActiveCfg = Release|Any CPU
		{CFB177E9-B936-421F-B352-B014CA46937F}.Release|x86.Build.0 = Release|Any CPU
		{8BDB1D00-833F-4C9F-91DD-AAE851876438}.Debug|Any CPU.ActiveCfg = Debug|Any CPU
		{8BDB1D00-833F-4C9F-91DD-AAE851876438}.Debug|Any CPU.Build.0 = Debug|Any CPU
		{8BDB1D00-833F-4C9F-91DD-AAE851876438}.Debug|x64.ActiveCfg = Debug|Any CPU
		{8BDB1D00-833F-4C9F-91DD-AAE851876438}.Debug|x64.Build.0 = Debug|Any CPU
		{8BDB1D00-833F-4C9F-91DD-AAE851876438}.Debug|x86.ActiveCfg = Debug|Any CPU
		{8BDB1D00-833F-4C9F-91DD-AAE851876438}.Debug|x86.Build.0 = Debug|Any CPU
		{8BDB1D00-833F-4C9F-91DD-AAE851876438}.Release|Any CPU.ActiveCfg = Release|Any CPU
		{8BDB1D00-833F-4C9F-91DD-AAE851876438}.Release|Any CPU.Build.0 = Release|Any CPU
		{8BDB1D00-833F-4C9F-91DD-AAE851876438}.Release|x64.ActiveCfg = Release|Any CPU
		{8BDB1D00-833F-4C9F-91DD-AAE851876438}.Release|x64.Build.0 = Release|Any CPU
		{8BDB1D00-833F-4C9F-91DD-AAE851876438}.Release|x86.ActiveCfg = Release|Any CPU
		{8BDB1D00-833F-4C9F-91DD-AAE851876438}.Release|x86.Build.0 = Release|Any CPU
		{F5050455-CDFF-4C17-AE2E-2B795219D937}.Debug|Any CPU.ActiveCfg = Debug|Any CPU
		{F5050455-CDFF-4C17-AE2E-2B795219D937}.Debug|Any CPU.Build.0 = Debug|Any CPU
		{F5050455-CDFF-4C17-AE2E-2B795219D937}.Debug|x64.ActiveCfg = Debug|Any CPU
		{F5050455-CDFF-4C17-AE2E-2B795219D937}.Debug|x64.Build.0 = Debug|Any CPU
		{F5050455-CDFF-4C17-AE2E-2B795219D937}.Debug|x86.ActiveCfg = Debug|Any CPU
		{F5050455-CDFF-4C17-AE2E-2B795219D937}.Debug|x86.Build.0 = Debug|Any CPU
		{F5050455-CDFF-4C17-AE2E-2B795219D937}.Release|Any CPU.ActiveCfg = Release|Any CPU
		{F5050455-CDFF-4C17-AE2E-2B795219D937}.Release|Any CPU.Build.0 = Release|Any CPU
		{F5050455-CDFF-4C17-AE2E-2B795219D937}.Release|x64.ActiveCfg = Release|Any CPU
		{F5050455-CDFF-4C17-AE2E-2B795219D937}.Release|x64.Build.0 = Release|Any CPU
		{F5050455-CDFF-4C17-AE2E-2B795219D937}.Release|x86.ActiveCfg = Release|Any CPU
		{F5050455-CDFF-4C17-AE2E-2B795219D937}.Release|x86.Build.0 = Release|Any CPU
	EndGlobalSection
	GlobalSection(SolutionProperties) = preSolution
		HideSolutionNode = FALSE
	EndGlobalSection
	GlobalSection(ExtensibilityGlobals) = postSolution
		SolutionGuid = {50A6F34D-B14A-4EC5-B764-B44A93D5D44D}
	EndGlobalSection
EndGlobal
